
Microsoft Visual Studio Solution File, Format Version 12.00
# Visual Studio Version 17
VisualStudioVersion = 17.6.33829.357
MinimumVisualStudioVersion = 10.0.40219.1
Project("{FAE04EC0-301F-11D3-BF4B-00C04F79EFBC}") = "Back.NET", "Back.NET\Back.NET.csproj", "{A696F8E2-801A-4F02-9CDF-6F0BDD2D8C51}"
EndProject
Global
	GlobalSection(SolutionConfigurationPlatforms) = preSolution
		Debug|Any CPU = Debug|Any CPU
		Release|Any CPU = Release|Any CPU
	EndGlobalSection
	GlobalSection(ProjectConfigurationPlatforms) = postSolution
		{A696F8E2-801A-4F02-9CDF-6F0BDD2D8C51}.Debug|Any CPU.ActiveCfg = Debug|Any CPU
		{A696F8E2-801A-4F02-9CDF-6F0BDD2D8C51}.Debug|Any CPU.Build.0 = Debug|Any CPU
		{A696F8E2-801A-4F02-9CDF-6F0BDD2D8C51}.Release|Any CPU.ActiveCfg = Release|Any CPU
		{A696F8E2-801A-4F02-9CDF-6F0BDD2D8C51}.Release|Any CPU.Build.0 = Release|Any CPU
	EndGlobalSection
	GlobalSection(SolutionProperties) = preSolution
		HideSolutionNode = FALSE
	EndGlobalSection
	GlobalSection(ExtensibilityGlobals) = postSolution
		SolutionGuid = {A9599301-5183-43DB-B211-6907DFE165EC}
	EndGlobalSection
EndGlobal
